// !$*UTF8*$!
{
	archiveVersion = 1;
	classes = {
	};
	objectVersion = 55;
	objects = {

/* Begin PBXBuildFile section */
		8EABD0A128C3819C008C0107 /* AppDelegate.swift in Sources */ = {isa = PBXBuildFile; fileRef = 8EABD0A028C3819C008C0107 /* AppDelegate.swift */; };
		8EABD0A328C3819C008C0107 /* SceneDelegate.swift in Sources */ = {isa = PBXBuildFile; fileRef = 8EABD0A228C3819C008C0107 /* SceneDelegate.swift */; };
		8EABD0A828C3819C008C0107 /* Main.storyboard in Resources */ = {isa = PBXBuildFile; fileRef = 8EABD0A628C3819C008C0107 /* Main.storyboard */; };
		8EABD0AA28C3819D008C0107 /* Assets.xcassets in Resources */ = {isa = PBXBuildFile; fileRef = 8EABD0A928C3819D008C0107 /* Assets.xcassets */; };
		8EABD0AD28C3819D008C0107 /* LaunchScreen.storyboard in Resources */ = {isa = PBXBuildFile; fileRef = 8EABD0AB28C3819D008C0107 /* LaunchScreen.storyboard */; };
		8EABD0B528C383DE008C0107 /* Constants.swift in Sources */ = {isa = PBXBuildFile; fileRef = 8EABD0B428C383DE008C0107 /* Constants.swift */; };
		8EABD0B728C38998008C0107 /* WeatherModel.swift in Sources */ = {isa = PBXBuildFile; fileRef = 8EABD0B628C38998008C0107 /* WeatherModel.swift */; };
		8EABD0B928C390F7008C0107 /* WeatherVC.swift in Sources */ = {isa = PBXBuildFile; fileRef = 8EABD0B828C390F7008C0107 /* WeatherVC.swift */; };
		8EABD0BB28C3962B008C0107 /* NetworkManager.swift in Sources */ = {isa = PBXBuildFile; fileRef = 8EABD0BA28C3962B008C0107 /* NetworkManager.swift */; };
		8EABD0BD28C399B7008C0107 /* WeatherViewModel.swift in Sources */ = {isa = PBXBuildFile; fileRef = 8EABD0BC28C399B7008C0107 /* WeatherViewModel.swift */; };
		8EABD0BF28C39CED008C0107 /* WeatherRouter.swift in Sources */ = {isa = PBXBuildFile; fileRef = 8EABD0BE28C39CED008C0107 /* WeatherRouter.swift */; };
		8EABD0C228C39DAA008C0107 /* UIViewControllerExt.swift in Sources */ = {isa = PBXBuildFile; fileRef = 8EABD0C128C39DAA008C0107 /* UIViewControllerExt.swift */; };
		8EABD0C628C39E32008C0107 /* AppStoryboard.swift in Sources */ = {isa = PBXBuildFile; fileRef = 8EABD0C528C39E32008C0107 /* AppStoryboard.swift */; };
		8EABD0C928C39EA7008C0107 /* Detail.storyboard in Resources */ = {isa = PBXBuildFile; fileRef = 8EABD0C828C39EA7008C0107 /* Detail.storyboard */; };
		8EABD0CD28C39F40008C0107 /* WeatherDetailVC.swift in Sources */ = {isa = PBXBuildFile; fileRef = 8EABD0CC28C39F40008C0107 /* WeatherDetailVC.swift */; };
		8EABD0D128C3A26A008C0107 /* WeatherTableViewCell.swift in Sources */ = {isa = PBXBuildFile; fileRef = 8EABD0CF28C3A26A008C0107 /* WeatherTableViewCell.swift */; };
		8EABD0D228C3A26A008C0107 /* WeatherTableViewCell.xib in Resources */ = {isa = PBXBuildFile; fileRef = 8EABD0D028C3A26A008C0107 /* WeatherTableViewCell.xib */; };
		8EABD0D428C3A795008C0107 /* UITableViewExt.swift in Sources */ = {isa = PBXBuildFile; fileRef = 8EABD0D328C3A795008C0107 /* UITableViewExt.swift */; };
		8EABD0D628C3A811008C0107 /* Reusable.swift in Sources */ = {isa = PBXBuildFile; fileRef = 8EABD0D528C3A811008C0107 /* Reusable.swift */; };
		8EABD0D828C3A83B008C0107 /* Nibloadable.swift in Sources */ = {isa = PBXBuildFile; fileRef = 8EABD0D728C3A83B008C0107 /* Nibloadable.swift */; };
		8EABD0E228C40BE6008C0107 /* WeatherDetailRouter.swift in Sources */ = {isa = PBXBuildFile; fileRef = 8EABD0E128C40BE6008C0107 /* WeatherDetailRouter.swift */; };
		8EABD0E428C41019008C0107 /* UILabelExt.swift in Sources */ = {isa = PBXBuildFile; fileRef = 8EABD0E328C41019008C0107 /* UILabelExt.swift */; };
		8EABD0E828C4177A008C0107 /* PhotoCollectionViewCell.swift in Sources */ = {isa = PBXBuildFile; fileRef = 8EABD0E628C4177A008C0107 /* PhotoCollectionViewCell.swift */; };
		8EABD0E928C4177A008C0107 /* PhotoCollectionViewCell.xib in Resources */ = {isa = PBXBuildFile; fileRef = 8EABD0E728C4177A008C0107 /* PhotoCollectionViewCell.xib */; };
		8EABD0EB28C417FF008C0107 /* PhotoImageViewModel.swift in Sources */ = {isa = PBXBuildFile; fileRef = 8EABD0EA28C417FF008C0107 /* PhotoImageViewModel.swift */; };
		8EABD0ED28C4184C008C0107 /* PhotoModel.swift in Sources */ = {isa = PBXBuildFile; fileRef = 8EABD0EC28C4184C008C0107 /* PhotoModel.swift */; };
		8EABD0EF28C4205C008C0107 /* UICollectionExt.swift in Sources */ = {isa = PBXBuildFile; fileRef = 8EABD0EE28C4205C008C0107 /* UICollectionExt.swift */; };
		8EABD0F428C42894008C0107 /* PhotoVC.swift in Sources */ = {isa = PBXBuildFile; fileRef = 8EABD0F328C42894008C0107 /* PhotoVC.swift */; };
		8EABD0F628C42960008C0107 /* Photo.storyboard in Resources */ = {isa = PBXBuildFile; fileRef = 8EABD0F528C42960008C0107 /* Photo.storyboard */; };
		8EABD0F828C42C45008C0107 /* Question.storyboard in Resources */ = {isa = PBXBuildFile; fileRef = 8EABD0F728C42C45008C0107 /* Question.storyboard */; };
		8EABD0FD28C42C8E008C0107 /* QuestionVC.swift in Sources */ = {isa = PBXBuildFile; fileRef = 8EABD0FC28C42C8E008C0107 /* QuestionVC.swift */; };
		8EABD0FF28C42FFC008C0107 /* StringExt.swift in Sources */ = {isa = PBXBuildFile; fileRef = 8EABD0FE28C42FFC008C0107 /* StringExt.swift */; };
/* End PBXBuildFile section */

/* Begin PBXFileReference section */
		8EABD09D28C3819C008C0107 /* pelmorex.app */ = {isa = PBXFileReference; explicitFileType = wrapper.application; includeInIndex = 0; path = pelmorex.app; sourceTree = BUILT_PRODUCTS_DIR; };
		8EABD0A028C3819C008C0107 /* AppDelegate.swift */ = {isa = PBXFileReference; lastKnownFileType = sourcecode.swift; path = AppDelegate.swift; sourceTree = "<group>"; };
		8EABD0A228C3819C008C0107 /* SceneDelegate.swift */ = {isa = PBXFileReference; lastKnownFileType = sourcecode.swift; path = SceneDelegate.swift; sourceTree = "<group>"; };
		8EABD0A728C3819C008C0107 /* Base */ = {isa = PBXFileReference; lastKnownFileType = file.storyboard; name = Base; path = Base.lproj/Main.storyboard; sourceTree = "<group>"; };
		8EABD0A928C3819D008C0107 /* Assets.xcassets */ = {isa = PBXFileReference; lastKnownFileType = folder.assetcatalog; path = Assets.xcassets; sourceTree = "<group>"; };
		8EABD0AC28C3819D008C0107 /* Base */ = {isa = PBXFileReference; lastKnownFileType = file.storyboard; name = Base; path = Base.lproj/LaunchScreen.storyboard; sourceTree = "<group>"; };
		8EABD0AE28C3819D008C0107 /* Info.plist */ = {isa = PBXFileReference; lastKnownFileType = text.plist.xml; path = Info.plist; sourceTree = "<group>"; };
		8EABD0B428C383DE008C0107 /* Constants.swift */ = {isa = PBXFileReference; lastKnownFileType = sourcecode.swift; path = Constants.swift; sourceTree = "<group>"; };
		8EABD0B628C38998008C0107 /* WeatherModel.swift */ = {isa = PBXFileReference; lastKnownFileType = sourcecode.swift; path = WeatherModel.swift; sourceTree = "<group>"; };
		8EABD0B828C390F7008C0107 /* WeatherVC.swift */ = {isa = PBXFileReference; lastKnownFileType = sourcecode.swift; path = WeatherVC.swift; sourceTree = "<group>"; };
		8EABD0BA28C3962B008C0107 /* NetworkManager.swift */ = {isa = PBXFileReference; lastKnownFileType = sourcecode.swift; path = NetworkManager.swift; sourceTree = "<group>"; };
		8EABD0BC28C399B7008C0107 /* WeatherViewModel.swift */ = {isa = PBXFileReference; lastKnownFileType = sourcecode.swift; path = WeatherViewModel.swift; sourceTree = "<group>"; };
		8EABD0BE28C39CED008C0107 /* WeatherRouter.swift */ = {isa = PBXFileReference; lastKnownFileType = sourcecode.swift; path = WeatherRouter.swift; sourceTree = "<group>"; };
		8EABD0C128C39DAA008C0107 /* UIViewControllerExt.swift */ = {isa = PBXFileReference; lastKnownFileType = sourcecode.swift; path = UIViewControllerExt.swift; sourceTree = "<group>"; };
		8EABD0C528C39E32008C0107 /* AppStoryboard.swift */ = {isa = PBXFileReference; lastKnownFileType = sourcecode.swift; path = AppStoryboard.swift; sourceTree = "<group>"; };
		8EABD0C828C39EA7008C0107 /* Detail.storyboard */ = {isa = PBXFileReference; lastKnownFileType = file.storyboard; path = Detail.storyboard; sourceTree = "<group>"; };
		8EABD0CC28C39F40008C0107 /* WeatherDetailVC.swift */ = {isa = PBXFileReference; lastKnownFileType = sourcecode.swift; path = WeatherDetailVC.swift; sourceTree = "<group>"; };
		8EABD0CF28C3A26A008C0107 /* WeatherTableViewCell.swift */ = {isa = PBXFileReference; lastKnownFileType = sourcecode.swift; path = WeatherTableViewCell.swift; sourceTree = "<group>"; };
		8EABD0D028C3A26A008C0107 /* WeatherTableViewCell.xib */ = {isa = PBXFileReference; lastKnownFileType = file.xib; path = WeatherTableViewCell.xib; sourceTree = "<group>"; };
		8EABD0D328C3A795008C0107 /* UITableViewExt.swift */ = {isa = PBXFileReference; lastKnownFileType = sourcecode.swift; path = UITableViewExt.swift; sourceTree = "<group>"; };
		8EABD0D528C3A811008C0107 /* Reusable.swift */ = {isa = PBXFileReference; lastKnownFileType = sourcecode.swift; path = Reusable.swift; sourceTree = "<group>"; };
		8EABD0D728C3A83B008C0107 /* Nibloadable.swift */ = {isa = PBXFileReference; lastKnownFileType = sourcecode.swift; path = Nibloadable.swift; sourceTree = "<group>"; };
		8EABD0E128C40BE6008C0107 /* WeatherDetailRouter.swift */ = {isa = PBXFileReference; lastKnownFileType = sourcecode.swift; path = WeatherDetailRouter.swift; sourceTree = "<group>"; };
		8EABD0E328C41019008C0107 /* UILabelExt.swift */ = {isa = PBXFileReference; lastKnownFileType = sourcecode.swift; path = UILabelExt.swift; sourceTree = "<group>"; };
		8EABD0E628C4177A008C0107 /* PhotoCollectionViewCell.swift */ = {isa = PBXFileReference; lastKnownFileType = sourcecode.swift; path = PhotoCollectionViewCell.swift; sourceTree = "<group>"; };
		8EABD0E728C4177A008C0107 /* PhotoCollectionViewCell.xib */ = {isa = PBXFileReference; lastKnownFileType = file.xib; path = PhotoCollectionViewCell.xib; sourceTree = "<group>"; };
		8EABD0EA28C417FF008C0107 /* PhotoImageViewModel.swift */ = {isa = PBXFileReference; lastKnownFileType = sourcecode.swift; path = PhotoImageViewModel.swift; sourceTree = "<group>"; };
		8EABD0EC28C4184C008C0107 /* PhotoModel.swift */ = {isa = PBXFileReference; lastKnownFileType = sourcecode.swift; path = PhotoModel.swift; sourceTree = "<group>"; };
		8EABD0EE28C4205C008C0107 /* UICollectionExt.swift */ = {isa = PBXFileReference; lastKnownFileType = sourcecode.swift; path = UICollectionExt.swift; sourceTree = "<group>"; };
		8EABD0F328C42894008C0107 /* PhotoVC.swift */ = {isa = PBXFileReference; lastKnownFileType = sourcecode.swift; path = PhotoVC.swift; sourceTree = "<group>"; };
		8EABD0F528C42960008C0107 /* Photo.storyboard */ = {isa = PBXFileReference; lastKnownFileType = file.storyboard; path = Photo.storyboard; sourceTree = "<group>"; };
		8EABD0F728C42C45008C0107 /* Question.storyboard */ = {isa = PBXFileReference; lastKnownFileType = file.storyboard; path = Question.storyboard; sourceTree = "<group>"; };
		8EABD0FC28C42C8E008C0107 /* QuestionVC.swift */ = {isa = PBXFileReference; lastKnownFileType = sourcecode.swift; path = QuestionVC.swift; sourceTree = "<group>"; };
		8EABD0FE28C42FFC008C0107 /* StringExt.swift */ = {isa = PBXFileReference; lastKnownFileType = sourcecode.swift; path = StringExt.swift; sourceTree = "<group>"; };
/* End PBXFileReference section */

/* Begin PBXFrameworksBuildPhase section */
		8EABD09A28C3819C008C0107 /* Frameworks */ = {
			isa = PBXFrameworksBuildPhase;
			buildActionMask = 2147483647;
			files = (
			);
			runOnlyForDeploymentPostprocessing = 0;
		};
/* End PBXFrameworksBuildPhase section */

/* Begin PBXGroup section */
		8EABD09428C3819C008C0107 = {
			isa = PBXGroup;
			children = (
				8EABD09F28C3819C008C0107 /* pelmorex */,
				8EABD09E28C3819C008C0107 /* Products */,
			);
			sourceTree = "<group>";
		};
		8EABD09E28C3819C008C0107 /* Products */ = {
			isa = PBXGroup;
			children = (
				8EABD09D28C3819C008C0107 /* pelmorex.app */,
			);
			name = Products;
			sourceTree = "<group>";
		};
		8EABD09F28C3819C008C0107 /* pelmorex */ = {
			isa = PBXGroup;
			children = (
				8EABD0FB28C42C69008C0107 /* Question */,
				8EABD0F228C4287B008C0107 /* PhotoShow */,
				8EABD0CB28C39F2D008C0107 /* WeatherDetail */,
				8EABD0CA28C39F0A008C0107 /* Weather */,
				8EABD0C728C39E8B008C0107 /* Storyboards */,
				8EABD0C328C39E05008C0107 /* Constants */,
				8EABD0C028C39D85008C0107 /* Extensions */,
				8EABD0A028C3819C008C0107 /* AppDelegate.swift */,
				8EABD0A228C3819C008C0107 /* SceneDelegate.swift */,
				8EABD0A928C3819D008C0107 /* Assets.xcassets */,
				8EABD0AB28C3819D008C0107 /* LaunchScreen.storyboard */,
				8EABD0AE28C3819D008C0107 /* Info.plist */,
				8EABD0BA28C3962B008C0107 /* NetworkManager.swift */,
			);
			path = pelmorex;
			sourceTree = "<group>";
		};
		8EABD0C028C39D85008C0107 /* Extensions */ = {
			isa = PBXGroup;
			children = (
				8EABD0C128C39DAA008C0107 /* UIViewControllerExt.swift */,
				8EABD0D328C3A795008C0107 /* UITableViewExt.swift */,
				8EABD0D528C3A811008C0107 /* Reusable.swift */,
				8EABD0D728C3A83B008C0107 /* Nibloadable.swift */,
				8EABD0E328C41019008C0107 /* UILabelExt.swift */,
				8EABD0EE28C4205C008C0107 /* UICollectionExt.swift */,
				8EABD0FE28C42FFC008C0107 /* StringExt.swift */,
			);
			path = Extensions;
			sourceTree = "<group>";
		};
		8EABD0C328C39E05008C0107 /* Constants */ = {
			isa = PBXGroup;
			children = (
				8EABD0C428C39E18008C0107 /* Enums */,
			);
			path = Constants;
			sourceTree = "<group>";
		};
		8EABD0C428C39E18008C0107 /* Enums */ = {
			isa = PBXGroup;
			children = (
				8EABD0B428C383DE008C0107 /* Constants.swift */,
				8EABD0C528C39E32008C0107 /* AppStoryboard.swift */,
			);
			path = Enums;
			sourceTree = "<group>";
		};
		8EABD0C728C39E8B008C0107 /* Storyboards */ = {
			isa = PBXGroup;
			children = (
				8EABD0A628C3819C008C0107 /* Main.storyboard */,
				8EABD0C828C39EA7008C0107 /* Detail.storyboard */,
				8EABD0F528C42960008C0107 /* Photo.storyboard */,
				8EABD0F728C42C45008C0107 /* Question.storyboard */,
			);
			path = Storyboards;
			sourceTree = "<group>";
		};
		8EABD0CA28C39F0A008C0107 /* Weather */ = {
			isa = PBXGroup;
			children = (
				8EABD0CE28C3A24C008C0107 /* Cell */,
				8EABD0B628C38998008C0107 /* WeatherModel.swift */,
				8EABD0B828C390F7008C0107 /* WeatherVC.swift */,
				8EABD0BE28C39CED008C0107 /* WeatherRouter.swift */,
				8EABD0BC28C399B7008C0107 /* WeatherViewModel.swift */,
			);
			path = Weather;
			sourceTree = "<group>";
		};
		8EABD0CB28C39F2D008C0107 /* WeatherDetail */ = {
			isa = PBXGroup;
			children = (
				8EABD0E528C4175F008C0107 /* Cell */,
				8EABD0CC28C39F40008C0107 /* WeatherDetailVC.swift */,
				8EABD0E128C40BE6008C0107 /* WeatherDetailRouter.swift */,
				8EABD0EA28C417FF008C0107 /* PhotoImageViewModel.swift */,
				8EABD0EC28C4184C008C0107 /* PhotoModel.swift */,
			);
			path = WeatherDetail;
			sourceTree = "<group>";
		};
		8EABD0CE28C3A24C008C0107 /* Cell */ = {
			isa = PBXGroup;
			children = (
				8EABD0CF28C3A26A008C0107 /* WeatherTableViewCell.swift */,
				8EABD0D028C3A26A008C0107 /* WeatherTableViewCell.xib */,
			);
			path = Cell;
			sourceTree = "<group>";
		};
		8EABD0E528C4175F008C0107 /* Cell */ = {
			isa = PBXGroup;
			children = (
				8EABD0E628C4177A008C0107 /* PhotoCollectionViewCell.swift */,
				8EABD0E728C4177A008C0107 /* PhotoCollectionViewCell.xib */,
			);
			path = Cell;
			sourceTree = "<group>";
		};
		8EABD0F228C4287B008C0107 /* PhotoShow */ = {
			isa = PBXGroup;
			children = (
				8EABD0F328C42894008C0107 /* PhotoVC.swift */,
			);
			path = PhotoShow;
			sourceTree = "<group>";
		};
		8EABD0FB28C42C69008C0107 /* Question */ = {
			isa = PBXGroup;
			children = (
				8EABD0FC28C42C8E008C0107 /* QuestionVC.swift */,
			);
			path = Question;
			sourceTree = "<group>";
		};
/* End PBXGroup section */

/* Begin PBXNativeTarget section */
		8EABD09C28C3819C008C0107 /* pelmorex */ = {
			isa = PBXNativeTarget;
			buildConfigurationList = 8EABD0B128C3819D008C0107 /* Build configuration list for PBXNativeTarget "pelmorex" */;
			buildPhases = (
				8EABD09928C3819C008C0107 /* Sources */,
				8EABD09A28C3819C008C0107 /* Frameworks */,
				8EABD09B28C3819C008C0107 /* Resources */,
			);
			buildRules = (
			);
			dependencies = (
			);
			name = pelmorex;
			productName = pelmorex;
			productReference = 8EABD09D28C3819C008C0107 /* pelmorex.app */;
			productType = "com.apple.product-type.application";
		};
/* End PBXNativeTarget section */

/* Begin PBXProject section */
		8EABD09528C3819C008C0107 /* Project object */ = {
			isa = PBXProject;
			attributes = {
				BuildIndependentTargetsInParallel = 1;
				LastSwiftUpdateCheck = 1310;
				LastUpgradeCheck = 1310;
				TargetAttributes = {
					8EABD09C28C3819C008C0107 = {
						CreatedOnToolsVersion = 13.1;
					};
				};
			};
			buildConfigurationList = 8EABD09828C3819C008C0107 /* Build configuration list for PBXProject "pelmorex" */;
			compatibilityVersion = "Xcode 13.0";
			developmentRegion = en;
			hasScannedForEncodings = 0;
			knownRegions = (
				en,
				Base,
			);
			mainGroup = 8EABD09428C3819C008C0107;
			productRefGroup = 8EABD09E28C3819C008C0107 /* Products */;
			projectDirPath = "";
			projectRoot = "";
			targets = (
				8EABD09C28C3819C008C0107 /* pelmorex */,
			);
		};
/* End PBXProject section */

/* Begin PBXResourcesBuildPhase section */
		8EABD09B28C3819C008C0107 /* Resources */ = {
			isa = PBXResourcesBuildPhase;
			buildActionMask = 2147483647;
			files = (
				8EABD0F628C42960008C0107 /* Photo.storyboard in Resources */,
				8EABD0AD28C3819D008C0107 /* LaunchScreen.storyboard in Resources */,
				8EABD0F828C42C45008C0107 /* Question.storyboard in Resources */,
				8EABD0AA28C3819D008C0107 /* Assets.xcassets in Resources */,
				8EABD0D228C3A26A008C0107 /* WeatherTableViewCell.xib in Resources */,
				8EABD0E928C4177A008C0107 /* PhotoCollectionViewCell.xib in Resources */,
				8EABD0A828C3819C008C0107 /* Main.storyboard in Resources */,
				8EABD0C928C39EA7008C0107 /* Detail.storyboard in Resources */,
			);
			runOnlyForDeploymentPostprocessing = 0;
		};
/* End PBXResourcesBuildPhase section */

/* Begin PBXSourcesBuildPhase section */
		8EABD09928C3819C008C0107 /* Sources */ = {
			isa = PBXSourcesBuildPhase;
			buildActionMask = 2147483647;
			files = (
				8EABD0D128C3A26A008C0107 /* WeatherTableViewCell.swift in Sources */,
				8EABD0F428C42894008C0107 /* PhotoVC.swift in Sources */,
				8EABD0C628C39E32008C0107 /* AppStoryboard.swift in Sources */,
				8EABD0FD28C42C8E008C0107 /* QuestionVC.swift in Sources */,
				8EABD0BB28C3962B008C0107 /* NetworkManager.swift in Sources */,
				8EABD0EB28C417FF008C0107 /* PhotoImageViewModel.swift in Sources */,
				8EABD0CD28C39F40008C0107 /* WeatherDetailVC.swift in Sources */,
				8EABD0B928C390F7008C0107 /* WeatherVC.swift in Sources */,
				8EABD0E828C4177A008C0107 /* PhotoCollectionViewCell.swift in Sources */,
				8EABD0D428C3A795008C0107 /* UITableViewExt.swift in Sources */,
				8EABD0D628C3A811008C0107 /* Reusable.swift in Sources */,
				8EABD0D828C3A83B008C0107 /* Nibloadable.swift in Sources */,
				8EABD0E228C40BE6008C0107 /* WeatherDetailRouter.swift in Sources */,
				8EABD0E428C41019008C0107 /* UILabelExt.swift in Sources */,
				8EABD0C228C39DAA008C0107 /* UIViewControllerExt.swift in Sources */,
				8EABD0A128C3819C008C0107 /* AppDelegate.swift in Sources */,
				8EABD0BD28C399B7008C0107 /* WeatherViewModel.swift in Sources */,
				8EABD0EF28C4205C008C0107 /* UICollectionExt.swift in Sources */,
				8EABD0FF28C42FFC008C0107 /* StringExt.swift in Sources */,
				8EABD0A328C3819C008C0107 /* SceneDelegate.swift in Sources */,
				8EABD0B528C383DE008C0107 /* Constants.swift in Sources */,
				8EABD0B728C38998008C0107 /* WeatherModel.swift in Sources */,
				8EABD0ED28C4184C008C0107 /* PhotoModel.swift in Sources */,
				8EABD0BF28C39CED008C0107 /* WeatherRouter.swift in Sources */,
			);
			runOnlyForDeploymentPostprocessing = 0;
		};
/* End PBXSourcesBuildPhase section */

/* Begin PBXVariantGroup section */
		8EABD0A628C3819C008C0107 /* Main.storyboard */ = {
			isa = PBXVariantGroup;
			children = (
				8EABD0A728C3819C008C0107 /* Base */,
			);
			name = Main.storyboard;
			sourceTree = "<group>";
		};
		8EABD0AB28C3819D008C0107 /* LaunchScreen.storyboard */ = {
			isa = PBXVariantGroup;
			children = (
				8EABD0AC28C3819D008C0107 /* Base */,
			);
			name = LaunchScreen.storyboard;
			sourceTree = "<group>";
		};
/* End PBXVariantGroup section */

/* Begin XCBuildConfiguration section */
		8EABD0AF28C3819D008C0107 /* Debug */ = {
			isa = XCBuildConfiguration;
			buildSettings = {
				ALWAYS_SEARCH_USER_PATHS = NO;
				CLANG_ANALYZER_NONNULL = YES;
				CLANG_ANALYZER_NUMBER_OBJECT_CONVERSION = YES_AGGRESSIVE;
				CLANG_CXX_LANGUAGE_STANDARD = "gnu++17";
				CLANG_CXX_LIBRARY = "libc++";
				CLANG_ENABLE_MODULES = YES;
				CLANG_ENABLE_OBJC_ARC = YES;
				CLANG_ENABLE_OBJC_WEAK = YES;
				CLANG_WARN_BLOCK_CAPTURE_AUTORELEASING = YES;
				CLANG_WARN_BOOL_CONVERSION = YES;
				CLANG_WARN_COMMA = YES;
				CLANG_WARN_CONSTANT_CONVERSION = YES;
				CLANG_WARN_DEPRECATED_OBJC_IMPLEMENTATIONS = YES;
				CLANG_WARN_DIRECT_OBJC_ISA_USAGE = YES_ERROR;
				CLANG_WARN_DOCUMENTATION_COMMENTS = YES;
				CLANG_WARN_EMPTY_BODY = YES;
				CLANG_WARN_ENUM_CONVERSION = YES;
				CLANG_WARN_INFINITE_RECURSION = YES;
				CLANG_WARN_INT_CONVERSION = YES;
				CLANG_WARN_NON_LITERAL_NULL_CONVERSION = YES;
				CLANG_WARN_OBJC_IMPLICIT_RETAIN_SELF = YES;
				CLANG_WARN_OBJC_LITERAL_CONVERSION = YES;
				CLANG_WARN_OBJC_ROOT_CLASS = YES_ERROR;
				CLANG_WARN_QUOTED_INCLUDE_IN_FRAMEWORK_HEADER = YES;
				CLANG_WARN_RANGE_LOOP_ANALYSIS = YES;
				CLANG_WARN_STRICT_PROTOTYPES = YES;
				CLANG_WARN_SUSPICIOUS_MOVE = YES;
				CLANG_WARN_UNGUARDED_AVAILABILITY = YES_AGGRESSIVE;
				CLANG_WARN_UNREACHABLE_CODE = YES;
				CLANG_WARN__DUPLICATE_METHOD_MATCH = YES;
				COPY_PHASE_STRIP = NO;
				DEBUG_INFORMATION_FORMAT = dwarf;
				ENABLE_STRICT_OBJC_MSGSEND = YES;
				ENABLE_TESTABILITY = YES;
				GCC_C_LANGUAGE_STANDARD = gnu11;
				GCC_DYNAMIC_NO_PIC = NO;
				GCC_NO_COMMON_BLOCKS = YES;
				GCC_OPTIMIZATION_LEVEL = 0;
				GCC_PREPROCESSOR_DEFINITIONS = (
					"DEBUG=1",
					"$(inherited)",
				);
				GCC_WARN_64_TO_32_BIT_CONVERSION = YES;
				GCC_WARN_ABOUT_RETURN_TYPE = YES_ERROR;
				GCC_WARN_UNDECLARED_SELECTOR = YES;
				GCC_WARN_UNINITIALIZED_AUTOS = YES_AGGRESSIVE;
				GCC_WARN_UNUSED_FUNCTION = YES;
				GCC_WARN_UNUSED_VARIABLE = YES;
				IPHONEOS_DEPLOYMENT_TARGET = 15.0;
				MTL_ENABLE_DEBUG_INFO = INCLUDE_SOURCE;
				MTL_FAST_MATH = YES;
				ONLY_ACTIVE_ARCH = YES;
				SDKROOT = iphoneos;
				SWIFT_ACTIVE_COMPILATION_CONDITIONS = DEBUG;
				SWIFT_OPTIMIZATION_LEVEL = "-Onone";
			};
			name = Debug;
		};
		8EABD0B028C3819D008C0107 /* Release */ = {
			isa = XCBuildConfiguration;
			buildSettings = {
				ALWAYS_SEARCH_USER_PATHS = NO;
				CLANG_ANALYZER_NONNULL = YES;
				CLANG_ANALYZER_NUMBER_OBJECT_CONVERSION = YES_AGGRESSIVE;
				CLANG_CXX_LANGUAGE_STANDARD = "gnu++17";
				CLANG_CXX_LIBRARY = "libc++";
				CLANG_ENABLE_MODULES = YES;
				CLANG_ENABLE_OBJC_ARC = YES;
				CLANG_ENABLE_OBJC_WEAK = YES;
				CLANG_WARN_BLOCK_CAPTURE_AUTORELEASING = YES;
				CLANG_WARN_BOOL_CONVERSION = YES;
				CLANG_WARN_COMMA = YES;
				CLANG_WARN_CONSTANT_CONVERSION = YES;
				CLANG_WARN_DEPRECATED_OBJC_IMPLEMENTATIONS = YES;
				CLANG_WARN_DIRECT_OBJC_ISA_USAGE = YES_ERROR;
				CLANG_WARN_DOCUMENTATION_COMMENTS = YES;
				CLANG_WARN_EMPTY_BODY = YES;
				CLANG_WARN_ENUM_CONVERSION = YES;
				CLANG_WARN_INFINITE_RECURSION = YES;
				CLANG_WARN_INT_CONVERSION = YES;
				CLANG_WARN_NON_LITERAL_NULL_CONVERSION = YES;
				CLANG_WARN_OBJC_IMPLICIT_RETAIN_SELF = YES;
				CLANG_WARN_OBJC_LITERAL_CONVERSION = YES;
				CLANG_WARN_OBJC_ROOT_CLASS = YES_ERROR;
				CLANG_WARN_QUOTED_INCLUDE_IN_FRAMEWORK_HEADER = YES;
				CLANG_WARN_RANGE_LOOP_ANALYSIS = YES;
				CLANG_WARN_STRICT_PROTOTYPES = YES;
				CLANG_WARN_SUSPICIOUS_MOVE = YES;
				CLANG_WARN_UNGUARDED_AVAILABILITY = YES_AGGRESSIVE;
				CLANG_WARN_UNREACHABLE_CODE = YES;
				CLANG_WARN__DUPLICATE_METHOD_MATCH = YES;
				COPY_PHASE_STRIP = NO;
				DEBUG_INFORMATION_FORMAT = "dwarf-with-dsym";
				ENABLE_NS_ASSERTIONS = NO;
				ENABLE_STRICT_OBJC_MSGSEND = YES;
				GCC_C_LANGUAGE_STANDARD = gnu11;
				GCC_NO_COMMON_BLOCKS = YES;
				GCC_WARN_64_TO_32_BIT_CONVERSION = YES;
				GCC_WARN_ABOUT_RETURN_TYPE = YES_ERROR;
				GCC_WARN_UNDECLARED_SELECTOR = YES;
				GCC_WARN_UNINITIALIZED_AUTOS = YES_AGGRESSIVE;
				GCC_WARN_UNUSED_FUNCTION = YES;
				GCC_WARN_UNUSED_VARIABLE = YES;
				IPHONEOS_DEPLOYMENT_TARGET = 15.0;
				MTL_ENABLE_DEBUG_INFO = NO;
				MTL_FAST_MATH = YES;
				SDKROOT = iphoneos;
				SWIFT_COMPILATION_MODE = wholemodule;
				SWIFT_OPTIMIZATION_LEVEL = "-O";
				VALIDATE_PRODUCT = YES;
			};
			name = Release;
		};
		8EABD0B228C3819D008C0107 /* Debug */ = {
			isa = XCBuildConfiguration;
			buildSettings = {
				ASSETCATALOG_COMPILER_APPICON_NAME = AppIcon;
				ASSETCATALOG_COMPILER_GLOBAL_ACCENT_COLOR_NAME = AccentColor;
				CODE_SIGN_STYLE = Automatic;
				CURRENT_PROJECT_VERSION = 1;
				DEVELOPMENT_TEAM = 79G38KD48M;
				GENERATE_INFOPLIST_FILE = YES;
				INFOPLIST_FILE = pelmorex/Info.plist;
				INFOPLIST_KEY_UIApplicationSupportsIndirectInputEvents = YES;
				INFOPLIST_KEY_UILaunchStoryboardName = LaunchScreen;
				INFOPLIST_KEY_UIMainStoryboardFile = Main;
				INFOPLIST_KEY_UISupportedInterfaceOrientations_iPad = "UIInterfaceOrientationPortrait UIInterfaceOrientationPortraitUpsideDown UIInterfaceOrientationLandscapeLeft UIInterfaceOrientationLandscapeRight";
				INFOPLIST_KEY_UISupportedInterfaceOrientations_iPhone = "UIInterfaceOrientationPortrait UIInterfaceOrientationLandscapeLeft UIInterfaceOrientationLandscapeRight";
				LD_RUNPATH_SEARCH_PATHS = (
					"$(inherited)",
					"@executable_path/Frameworks",
				);
				MARKETING_VERSION = 1.0;
				PRODUCT_BUNDLE_IDENTIFIER = com.mertkoksal.pelmorex;
				PRODUCT_NAME = "$(TARGET_NAME)";
				SWIFT_EMIT_LOC_STRINGS = YES;
				SWIFT_VERSION = 5.0;
				TARGETED_DEVICE_FAMILY = "1,2";
			};
			name = Debug;
		};
		8EABD0B328C3819D008C0107 /* Release */ = {
			isa = XCBuildConfiguration;
			buildSettings = {
				ASSETCATALOG_COMPILER_APPICON_NAME = AppIcon;
				ASSETCATALOG_COMPILER_GLOBAL_ACCENT_COLOR_NAME = AccentColor;
				CODE_SIGN_STYLE = Automatic;
				CURRENT_PROJECT_VERSION = 1;
				DEVELOPMENT_TEAM = 79G38KD48M;
				GENERATE_INFOPLIST_FILE = YES;
				INFOPLIST_FILE = pelmorex/Info.plist;
				INFOPLIST_KEY_UIApplicationSupportsIndirectInputEvents = YES;
				INFOPLIST_KEY_UILaunchStoryboardName = LaunchScreen;
				INFOPLIST_KEY_UIMainStoryboardFile = Main;
				INFOPLIST_KEY_UISupportedInterfaceOrientations_iPad = "UIInterfaceOrientationPortrait UIInterfaceOrientationPortraitUpsideDown UIInterfaceOrientationLandscapeLeft UIInterfaceOrientationLandscapeRight";
				INFOPLIST_KEY_UISupportedInterfaceOrientations_iPhone = "UIInterfaceOrientationPortrait UIInterfaceOrientationLandscapeLeft UIInterfaceOrientationLandscapeRight";
				LD_RUNPATH_SEARCH_PATHS = (
					"$(inherited)",
					"@executable_path/Frameworks",
				);
				MARKETING_VERSION = 1.0;
				PRODUCT_BUNDLE_IDENTIFIER = com.mertkoksal.pelmorex;
				PRODUCT_NAME = "$(TARGET_NAME)";
				SWIFT_EMIT_LOC_STRINGS = YES;
				SWIFT_VERSION = 5.0;
				TARGETED_DEVICE_FAMILY = "1,2";
			};
			name = Release;
		};
/* End XCBuildConfiguration section */

/* Begin XCConfigurationList section */
		8EABD09828C3819C008C0107 /* Build configuration list for PBXProject "pelmorex" */ = {
			isa = XCConfigurationList;
			buildConfigurations = (
				8EABD0AF28C3819D008C0107 /* Debug */,
				8EABD0B028C3819D008C0107 /* Release */,
			);
			defaultConfigurationIsVisible = 0;
			defaultConfigurationName = Release;
		};
		8EABD0B128C3819D008C0107 /* Build configuration list for PBXNativeTarget "pelmorex" */ = {
			isa = XCConfigurationList;
			buildConfigurations = (
				8EABD0B228C3819D008C0107 /* Debug */,
				8EABD0B328C3819D008C0107 /* Release */,
			);
			defaultConfigurationIsVisible = 0;
			defaultConfigurationName = Release;
		};
/* End XCConfigurationList section */
	};
	rootObject = 8EABD09528C3819C008C0107 /* Project object */;
}
